// !$*UTF8*$!
{
	archiveVersion = 1;
	classes = {
	};
	objectVersion = 56;
	objects = {

/* Begin PBXBuildFile section */
		5225962729008761007A4623 /* NewTweetView.swift in Sources */ = {isa = PBXBuildFile; fileRef = 5225962629008761007A4623 /* NewTweetView.swift */; };
		522596292900884C007A4623 /* TextArea.swift in Sources */ = {isa = PBXBuildFile; fileRef = 522596282900884C007A4623 /* TextArea.swift */; };
		52840F4128FF3B61007B781A /* TwitterSwiftUIApp.swift in Sources */ = {isa = PBXBuildFile; fileRef = 52840F4028FF3B61007B781A /* TwitterSwiftUIApp.swift */; };
		52840F4328FF3B61007B781A /* ContentView.swift in Sources */ = {isa = PBXBuildFile; fileRef = 52840F4228FF3B61007B781A /* ContentView.swift */; };
		52840F4528FF3B62007B781A /* Assets.xcassets in Resources */ = {isa = PBXBuildFile; fileRef = 52840F4428FF3B62007B781A /* Assets.xcassets */; };
		52840F4828FF3B62007B781A /* Preview Assets.xcassets in Resources */ = {isa = PBXBuildFile; fileRef = 52840F4728FF3B62007B781A /* Preview Assets.xcassets */; };
		52840F5828FF3C13007B781A /* FeedView.swift in Sources */ = {isa = PBXBuildFile; fileRef = 52840F5728FF3C13007B781A /* FeedView.swift */; };
		52840F5B28FF3CD6007B781A /* TweetRowView.swift in Sources */ = {isa = PBXBuildFile; fileRef = 52840F5A28FF3CD6007B781A /* TweetRowView.swift */; };
		52840F5E28FF42E2007B781A /* MainTabView.swift in Sources */ = {isa = PBXBuildFile; fileRef = 52840F5D28FF42E2007B781A /* MainTabView.swift */; };
		52840F6428FF43D9007B781A /* ExploreView.swift in Sources */ = {isa = PBXBuildFile; fileRef = 52840F6328FF43D9007B781A /* ExploreView.swift */; };
		52840F6628FF43EF007B781A /* NotificationsView.swift in Sources */ = {isa = PBXBuildFile; fileRef = 52840F6528FF43EF007B781A /* NotificationsView.swift */; };
		52840F6828FF4401007B781A /* MessagesView.swift in Sources */ = {isa = PBXBuildFile; fileRef = 52840F6728FF4401007B781A /* MessagesView.swift */; };
		52840F6C28FF4571007B781A /* ProfileView.swift in Sources */ = {isa = PBXBuildFile; fileRef = 52840F6B28FF4571007B781A /* ProfileView.swift */; };
		52840F6E28FF4CC2007B781A /* TweetFilterViewModel.swift in Sources */ = {isa = PBXBuildFile; fileRef = 52840F6D28FF4CC2007B781A /* TweetFilterViewModel.swift */; };
		52840F7328FF5A8C007B781A /* UserRowView.swift in Sources */ = {isa = PBXBuildFile; fileRef = 52840F7228FF5A8C007B781A /* UserRowView.swift */; };
		52840F7828FF5D1B007B781A /* SideMenuView.swift in Sources */ = {isa = PBXBuildFile; fileRef = 52840F7728FF5D1B007B781A /* SideMenuView.swift */; };
		52840F7D28FF5D39007B781A /* SideMenuViewModel.swift in Sources */ = {isa = PBXBuildFile; fileRef = 52840F7C28FF5D39007B781A /* SideMenuViewModel.swift */; };
		52A58E1F28FF6CA4000072B2 /* UserStatsView.swift in Sources */ = {isa = PBXBuildFile; fileRef = 52A58E1E28FF6CA4000072B2 /* UserStatsView.swift */; };
		52A58E2128FF7331000072B2 /* SideMenuOptionRowView.swift in Sources */ = {isa = PBXBuildFile; fileRef = 52A58E2028FF7331000072B2 /* SideMenuOptionRowView.swift */; };
		52D05B78290337DD00B52157 /* LoginView.swift in Sources */ = {isa = PBXBuildFile; fileRef = 52D05B77290337DD00B52157 /* LoginView.swift */; };
		52D05B7A290337E300B52157 /* RegistrationView.swift in Sources */ = {isa = PBXBuildFile; fileRef = 52D05B79290337E300B52157 /* RegistrationView.swift */; };
		52D05B7C2903394D00B52157 /* RoundedShape.swift in Sources */ = {isa = PBXBuildFile; fileRef = 52D05B7B2903394D00B52157 /* RoundedShape.swift */; };
		52D05B7E29033C9100B52157 /* CustomTextField.swift in Sources */ = {isa = PBXBuildFile; fileRef = 52D05B7D29033C9100B52157 /* CustomTextField.swift */; };
		52D05B8129033E4300B52157 /* AuthHeaderView.swift in Sources */ = {isa = PBXBuildFile; fileRef = 52D05B8029033E4300B52157 /* AuthHeaderView.swift */; };
/* End PBXBuildFile section */

/* Begin PBXFileReference section */
		5225962629008761007A4623 /* NewTweetView.swift */ = {isa = PBXFileReference; lastKnownFileType = sourcecode.swift; path = NewTweetView.swift; sourceTree = "<group>"; };
		522596282900884C007A4623 /* TextArea.swift */ = {isa = PBXFileReference; lastKnownFileType = sourcecode.swift; path = TextArea.swift; sourceTree = "<group>"; };
		52840F3D28FF3B61007B781A /* TwitterSwiftUI.app */ = {isa = PBXFileReference; explicitFileType = wrapper.application; includeInIndex = 0; path = TwitterSwiftUI.app; sourceTree = BUILT_PRODUCTS_DIR; };
		52840F4028FF3B61007B781A /* TwitterSwiftUIApp.swift */ = {isa = PBXFileReference; lastKnownFileType = sourcecode.swift; path = TwitterSwiftUIApp.swift; sourceTree = "<group>"; };
		52840F4228FF3B61007B781A /* ContentView.swift */ = {isa = PBXFileReference; lastKnownFileType = sourcecode.swift; path = ContentView.swift; sourceTree = "<group>"; };
		52840F4428FF3B62007B781A /* Assets.xcassets */ = {isa = PBXFileReference; lastKnownFileType = folder.assetcatalog; path = Assets.xcassets; sourceTree = "<group>"; };
		52840F4728FF3B62007B781A /* Preview Assets.xcassets */ = {isa = PBXFileReference; lastKnownFileType = folder.assetcatalog; path = "Preview Assets.xcassets"; sourceTree = "<group>"; };
		52840F5728FF3C13007B781A /* FeedView.swift */ = {isa = PBXFileReference; lastKnownFileType = sourcecode.swift; path = FeedView.swift; sourceTree = "<group>"; };
		52840F5A28FF3CD6007B781A /* TweetRowView.swift */ = {isa = PBXFileReference; lastKnownFileType = sourcecode.swift; path = TweetRowView.swift; sourceTree = "<group>"; };
		52840F5D28FF42E2007B781A /* MainTabView.swift */ = {isa = PBXFileReference; lastKnownFileType = sourcecode.swift; path = MainTabView.swift; sourceTree = "<group>"; };
		52840F6328FF43D9007B781A /* ExploreView.swift */ = {isa = PBXFileReference; lastKnownFileType = sourcecode.swift; path = ExploreView.swift; sourceTree = "<group>"; };
		52840F6528FF43EF007B781A /* NotificationsView.swift */ = {isa = PBXFileReference; lastKnownFileType = sourcecode.swift; path = NotificationsView.swift; sourceTree = "<group>"; };
		52840F6728FF4401007B781A /* MessagesView.swift */ = {isa = PBXFileReference; lastKnownFileType = sourcecode.swift; path = MessagesView.swift; sourceTree = "<group>"; };
		52840F6B28FF4571007B781A /* ProfileView.swift */ = {isa = PBXFileReference; lastKnownFileType = sourcecode.swift; path = ProfileView.swift; sourceTree = "<group>"; };
		52840F6D28FF4CC2007B781A /* TweetFilterViewModel.swift */ = {isa = PBXFileReference; lastKnownFileType = sourcecode.swift; path = TweetFilterViewModel.swift; sourceTree = "<group>"; };
		52840F7228FF5A8C007B781A /* UserRowView.swift */ = {isa = PBXFileReference; lastKnownFileType = sourcecode.swift; path = UserRowView.swift; sourceTree = "<group>"; };
		52840F7728FF5D1B007B781A /* SideMenuView.swift */ = {isa = PBXFileReference; lastKnownFileType = sourcecode.swift; path = SideMenuView.swift; sourceTree = "<group>"; };
		52840F7C28FF5D39007B781A /* SideMenuViewModel.swift */ = {isa = PBXFileReference; lastKnownFileType = sourcecode.swift; path = SideMenuViewModel.swift; sourceTree = "<group>"; };
		52A58E1E28FF6CA4000072B2 /* UserStatsView.swift */ = {isa = PBXFileReference; lastKnownFileType = sourcecode.swift; path = UserStatsView.swift; sourceTree = "<group>"; };
		52A58E2028FF7331000072B2 /* SideMenuOptionRowView.swift */ = {isa = PBXFileReference; lastKnownFileType = sourcecode.swift; path = SideMenuOptionRowView.swift; sourceTree = "<group>"; };
		52D05B77290337DD00B52157 /* LoginView.swift */ = {isa = PBXFileReference; lastKnownFileType = sourcecode.swift; path = LoginView.swift; sourceTree = "<group>"; };
		52D05B79290337E300B52157 /* RegistrationView.swift */ = {isa = PBXFileReference; lastKnownFileType = sourcecode.swift; path = RegistrationView.swift; sourceTree = "<group>"; };
		52D05B7B2903394D00B52157 /* RoundedShape.swift */ = {isa = PBXFileReference; lastKnownFileType = sourcecode.swift; path = RoundedShape.swift; sourceTree = "<group>"; };
		52D05B7D29033C9100B52157 /* CustomTextField.swift */ = {isa = PBXFileReference; lastKnownFileType = sourcecode.swift; path = CustomTextField.swift; sourceTree = "<group>"; };
		52D05B8029033E4300B52157 /* AuthHeaderView.swift */ = {isa = PBXFileReference; lastKnownFileType = sourcecode.swift; path = AuthHeaderView.swift; sourceTree = "<group>"; };
/* End PBXFileReference section */

/* Begin PBXFrameworksBuildPhase section */
		52840F3A28FF3B61007B781A /* Frameworks */ = {
			isa = PBXFrameworksBuildPhase;
			buildActionMask = 2147483647;
			files = (
			);
			runOnlyForDeploymentPostprocessing = 0;
		};
/* End PBXFrameworksBuildPhase section */

/* Begin PBXGroup section */
		5225962329008748007A4623 /* UploadTweet */ = {
			isa = PBXGroup;
			children = (
				5225962529008750007A4623 /* ViewModels */,
				522596242900874E007A4623 /* Views */,
			);
			path = UploadTweet;
			sourceTree = "<group>";
		};
		522596242900874E007A4623 /* Views */ = {
			isa = PBXGroup;
			children = (
				5225962629008761007A4623 /* NewTweetView.swift */,
			);
			path = Views;
			sourceTree = "<group>";
		};
		5225962529008750007A4623 /* ViewModels */ = {
			isa = PBXGroup;
			children = (
			);
			path = ViewModels;
			sourceTree = "<group>";
		};
		52840F3428FF3B61007B781A = {
			isa = PBXGroup;
			children = (
				52840F3F28FF3B61007B781A /* TwitterSwiftUI */,
				52840F3E28FF3B61007B781A /* Products */,
			);
			sourceTree = "<group>";
		};
		52840F3E28FF3B61007B781A /* Products */ = {
			isa = PBXGroup;
			children = (
				52840F3D28FF3B61007B781A /* TwitterSwiftUI.app */,
			);
			name = Products;
			sourceTree = "<group>";
		};
		52840F3F28FF3B61007B781A /* TwitterSwiftUI */ = {
			isa = PBXGroup;
			children = (
				52840F5128FF3B8D007B781A /* Extensions */,
				52840F5028FF3B89007B781A /* Model */,
				52840F4F28FF3B87007B781A /* Service */,
				52840F4E28FF3B7C007B781A /* Core */,
				52840F4028FF3B61007B781A /* TwitterSwiftUIApp.swift */,
				52840F4228FF3B61007B781A /* ContentView.swift */,
				52840F4428FF3B62007B781A /* Assets.xcassets */,
				52840F4628FF3B62007B781A /* Preview Content */,
			);
			path = TwitterSwiftUI;
			sourceTree = "<group>";
		};
		52840F4628FF3B62007B781A /* Preview Content */ = {
			isa = PBXGroup;
			children = (
				52840F4728FF3B62007B781A /* Preview Assets.xcassets */,
			);
			path = "Preview Content";
			sourceTree = "<group>";
		};
		52840F4E28FF3B7C007B781A /* Core */ = {
			isa = PBXGroup;
			children = (
				52840F5228FF3BA5007B781A /* Components */,
				52D05B74290337BE00B52157 /* Authentication */,
				5225962329008748007A4623 /* UploadTweet */,
				52840F7428FF5CFD007B781A /* SideMenu */,
				52840F6228FF439B007B781A /* Profile */,
				52840F5C28FF42D1007B781A /* MainTab */,
				52840F5328FF3BA9007B781A /* Feed */,
				52840F6128FF4382007B781A /* Explore */,
				52840F6028FF4381007B781A /* Notifications */,
				52840F5F28FF437B007B781A /* Messages */,
			);
			path = Core;
			sourceTree = "<group>";
		};
		52840F4F28FF3B87007B781A /* Service */ = {
			isa = PBXGroup;
			children = (
			);
			path = Service;
			sourceTree = "<group>";
		};
		52840F5028FF3B89007B781A /* Model */ = {
			isa = PBXGroup;
			children = (
			);
			path = Model;
			sourceTree = "<group>";
		};
		52840F5128FF3B8D007B781A /* Extensions */ = {
			isa = PBXGroup;
			children = (
			);
			path = Extensions;
			sourceTree = "<group>";
		};
		52840F5228FF3BA5007B781A /* Components */ = {
			isa = PBXGroup;
			children = (
				52D05B7F29033E3600B52157 /* Authentication */,
				52840F7128FF5A82007B781A /* Users */,
				52840F5928FF3CAD007B781A /* Tweets */,
				522596282900884C007A4623 /* TextArea.swift */,
				52D05B7B2903394D00B52157 /* RoundedShape.swift */,
				52D05B7D29033C9100B52157 /* CustomTextField.swift */,
			);
			path = Components;
			sourceTree = "<group>";
		};
		52840F5328FF3BA9007B781A /* Feed */ = {
			isa = PBXGroup;
			children = (
				52840F5428FF3BEE007B781A /* ViewModels */,
				52840F5528FF3BF4007B781A /* View */,
			);
			path = Feed;
			sourceTree = "<group>";
		};
		52840F5428FF3BEE007B781A /* ViewModels */ = {
			isa = PBXGroup;
			children = (
			);
			path = ViewModels;
			sourceTree = "<group>";
		};
		52840F5528FF3BF4007B781A /* View */ = {
			isa = PBXGroup;
			children = (
				52840F5728FF3C13007B781A /* FeedView.swift */,
			);
			path = View;
			sourceTree = "<group>";
		};
		52840F5928FF3CAD007B781A /* Tweets */ = {
			isa = PBXGroup;
			children = (
				52840F5A28FF3CD6007B781A /* TweetRowView.swift */,
			);
			path = Tweets;
			sourceTree = "<group>";
		};
		52840F5C28FF42D1007B781A /* MainTab */ = {
			isa = PBXGroup;
			children = (
				52840F5D28FF42E2007B781A /* MainTabView.swift */,
			);
			path = MainTab;
			sourceTree = "<group>";
		};
		52840F5F28FF437B007B781A /* Messages */ = {
			isa = PBXGroup;
			children = (
				52840F6728FF4401007B781A /* MessagesView.swift */,
			);
			path = Messages;
			sourceTree = "<group>";
		};
		52840F6028FF4381007B781A /* Notifications */ = {
			isa = PBXGroup;
			children = (
				52840F6528FF43EF007B781A /* NotificationsView.swift */,
			);
			path = Notifications;
			sourceTree = "<group>";
		};
		52840F6128FF4382007B781A /* Explore */ = {
			isa = PBXGroup;
			children = (
				52840F7028FF5A5F007B781A /* ViewModels */,
				52840F6F28FF5A5D007B781A /* Views */,
				52840F6328FF43D9007B781A /* ExploreView.swift */,
			);
			path = Explore;
			sourceTree = "<group>";
		};
		52840F6228FF439B007B781A /* Profile */ = {
			isa = PBXGroup;
			children = (
				52840F6928FF455F007B781A /* ViewModels */,
				52840F6A28FF4564007B781A /* Views */,
			);
			path = Profile;
			sourceTree = "<group>";
		};
		52840F6928FF455F007B781A /* ViewModels */ = {
			isa = PBXGroup;
			children = (
				52840F6D28FF4CC2007B781A /* TweetFilterViewModel.swift */,
			);
			path = ViewModels;
			sourceTree = "<group>";
		};
		52840F6A28FF4564007B781A /* Views */ = {
			isa = PBXGroup;
			children = (
				52840F6B28FF4571007B781A /* ProfileView.swift */,
			);
			path = Views;
			sourceTree = "<group>";
		};
		52840F6F28FF5A5D007B781A /* Views */ = {
			isa = PBXGroup;
			children = (
			);
			path = Views;
			sourceTree = "<group>";
		};
		52840F7028FF5A5F007B781A /* ViewModels */ = {
			isa = PBXGroup;
			children = (
			);
			path = ViewModels;
			sourceTree = "<group>";
		};
		52840F7128FF5A82007B781A /* Users */ = {
			isa = PBXGroup;
			children = (
				52840F7228FF5A8C007B781A /* UserRowView.swift */,
				52A58E1E28FF6CA4000072B2 /* UserStatsView.swift */,
			);
			path = Users;
			sourceTree = "<group>";
		};
		52840F7428FF5CFD007B781A /* SideMenu */ = {
			isa = PBXGroup;
			children = (
				52840F7528FF5D09007B781A /* ViewModels */,
				52840F7628FF5D10007B781A /* Views */,
			);
			path = SideMenu;
			sourceTree = "<group>";
		};
		52840F7528FF5D09007B781A /* ViewModels */ = {
			isa = PBXGroup;
			children = (
				52840F7C28FF5D39007B781A /* SideMenuViewModel.swift */,
			);
			path = ViewModels;
			sourceTree = "<group>";
		};
		52840F7628FF5D10007B781A /* Views */ = {
			isa = PBXGroup;
			children = (
				52840F7728FF5D1B007B781A /* SideMenuView.swift */,
				52A58E2028FF7331000072B2 /* SideMenuOptionRowView.swift */,
			);
			path = Views;
			sourceTree = "<group>";
		};
		52D05B74290337BE00B52157 /* Authentication */ = {
			isa = PBXGroup;
			children = (
				52D05B76290337CE00B52157 /* VieModels */,
				52D05B75290337C900B52157 /* Views */,
			);
			path = Authentication;
			sourceTree = "<group>";
		};
		52D05B75290337C900B52157 /* Views */ = {
			isa = PBXGroup;
			children = (
				52D05B77290337DD00B52157 /* LoginView.swift */,
				52D05B79290337E300B52157 /* RegistrationView.swift */,
			);
			path = Views;
			sourceTree = "<group>";
		};
		52D05B76290337CE00B52157 /* VieModels */ = {
			isa = PBXGroup;
			children = (
			);
			path = VieModels;
			sourceTree = "<group>";
		};
		52D05B7F29033E3600B52157 /* Authentication */ = {
			isa = PBXGroup;
			children = (
				52D05B8029033E4300B52157 /* AuthHeaderView.swift */,
			);
			path = Authentication;
			sourceTree = "<group>";
		};
/* End PBXGroup section */

/* Begin PBXNativeTarget section */
		52840F3C28FF3B61007B781A /* TwitterSwiftUI */ = {
			isa = PBXNativeTarget;
			buildConfigurationList = 52840F4B28FF3B62007B781A /* Build configuration list for PBXNativeTarget "TwitterSwiftUI" */;
			buildPhases = (
				52840F3928FF3B61007B781A /* Sources */,
				52840F3A28FF3B61007B781A /* Frameworks */,
				52840F3B28FF3B61007B781A /* Resources */,
			);
			buildRules = (
			);
			dependencies = (
			);
			name = TwitterSwiftUI;
			productName = TwitterSwiftUI;
			productReference = 52840F3D28FF3B61007B781A /* TwitterSwiftUI.app */;
			productType = "com.apple.product-type.application";
		};
/* End PBXNativeTarget section */

/* Begin PBXProject section */
		52840F3528FF3B61007B781A /* Project object */ = {
			isa = PBXProject;
			attributes = {
				BuildIndependentTargetsInParallel = 1;
				LastSwiftUpdateCheck = 1400;
				LastUpgradeCheck = 1400;
				TargetAttributes = {
					52840F3C28FF3B61007B781A = {
						CreatedOnToolsVersion = 14.0;
					};
				};
			};
			buildConfigurationList = 52840F3828FF3B61007B781A /* Build configuration list for PBXProject "TwitterSwiftUI" */;
			compatibilityVersion = "Xcode 14.0";
			developmentRegion = en;
			hasScannedForEncodings = 0;
			knownRegions = (
				en,
				Base,
			);
			mainGroup = 52840F3428FF3B61007B781A;
			productRefGroup = 52840F3E28FF3B61007B781A /* Products */;
			projectDirPath = "";
			projectRoot = "";
			targets = (
				52840F3C28FF3B61007B781A /* TwitterSwiftUI */,
			);
		};
/* End PBXProject section */

/* Begin PBXResourcesBuildPhase section */
		52840F3B28FF3B61007B781A /* Resources */ = {
			isa = PBXResourcesBuildPhase;
			buildActionMask = 2147483647;
			files = (
				52840F4828FF3B62007B781A /* Preview Assets.xcassets in Resources */,
				52840F4528FF3B62007B781A /* Assets.xcassets in Resources */,
			);
			runOnlyForDeploymentPostprocessing = 0;
		};
/* End PBXResourcesBuildPhase section */

/* Begin PBXSourcesBuildPhase section */
		52840F3928FF3B61007B781A /* Sources */ = {
			isa = PBXSourcesBuildPhase;
			buildActionMask = 2147483647;
			files = (
				52840F6828FF4401007B781A /* MessagesView.swift in Sources */,
				52840F6C28FF4571007B781A /* ProfileView.swift in Sources */,
				52840F4328FF3B61007B781A /* ContentView.swift in Sources */,
				52840F5B28FF3CD6007B781A /* TweetRowView.swift in Sources */,
				52840F6E28FF4CC2007B781A /* TweetFilterViewModel.swift in Sources */,
				52840F5828FF3C13007B781A /* FeedView.swift in Sources */,
				52840F7828FF5D1B007B781A /* SideMenuView.swift in Sources */,
				52840F4128FF3B61007B781A /* TwitterSwiftUIApp.swift in Sources */,
				52840F6428FF43D9007B781A /* ExploreView.swift in Sources */,
				52840F7D28FF5D39007B781A /* SideMenuViewModel.swift in Sources */,
				522596292900884C007A4623 /* TextArea.swift in Sources */,
				52A58E2128FF7331000072B2 /* SideMenuOptionRowView.swift in Sources */,
				52D05B78290337DD00B52157 /* LoginView.swift in Sources */,
				52D05B7A290337E300B52157 /* RegistrationView.swift in Sources */,
				52D05B7E29033C9100B52157 /* CustomTextField.swift in Sources */,
				5225962729008761007A4623 /* NewTweetView.swift in Sources */,
				52D05B8129033E4300B52157 /* AuthHeaderView.swift in Sources */,
				52D05B7C2903394D00B52157 /* RoundedShape.swift in Sources */,
				52840F7328FF5A8C007B781A /* UserRowView.swift in Sources */,
				52840F5E28FF42E2007B781A /* MainTabView.swift in Sources */,
				52840F6628FF43EF007B781A /* NotificationsView.swift in Sources */,
				52A58E1F28FF6CA4000072B2 /* UserStatsView.swift in Sources */,
			);
			runOnlyForDeploymentPostprocessing = 0;
		};
/* End PBXSourcesBuildPhase section */

/* Begin XCBuildConfiguration section */
		52840F4928FF3B62007B781A /* Debug */ = {
			isa = XCBuildConfiguration;
			buildSettings = {
				ALWAYS_SEARCH_USER_PATHS = NO;
				CLANG_ANALYZER_NONNULL = YES;
				CLANG_ANALYZER_NUMBER_OBJECT_CONVERSION = YES_AGGRESSIVE;
				CLANG_CXX_LANGUAGE_STANDARD = "gnu++20";
				CLANG_ENABLE_MODULES = YES;
				CLANG_ENABLE_OBJC_ARC = YES;
				CLANG_ENABLE_OBJC_WEAK = YES;
				CLANG_WARN_BLOCK_CAPTURE_AUTORELEASING = YES;
				CLANG_WARN_BOOL_CONVERSION = YES;
				CLANG_WARN_COMMA = YES;
				CLANG_WARN_CONSTANT_CONVERSION = YES;
				CLANG_WARN_DEPRECATED_OBJC_IMPLEMENTATIONS = YES;
				CLANG_WARN_DIRECT_OBJC_ISA_USAGE = YES_ERROR;
				CLANG_WARN_DOCUMENTATION_COMMENTS = YES;
				CLANG_WARN_EMPTY_BODY = YES;
				CLANG_WARN_ENUM_CONVERSION = YES;
				CLANG_WARN_INFINITE_RECURSION = YES;
				CLANG_WARN_INT_CONVERSION = YES;
				CLANG_WARN_NON_LITERAL_NULL_CONVERSION = YES;
				CLANG_WARN_OBJC_IMPLICIT_RETAIN_SELF = YES;
				CLANG_WARN_OBJC_LITERAL_CONVERSION = YES;
				CLANG_WARN_OBJC_ROOT_CLASS = YES_ERROR;
				CLANG_WARN_QUOTED_INCLUDE_IN_FRAMEWORK_HEADER = YES;
				CLANG_WARN_RANGE_LOOP_ANALYSIS = YES;
				CLANG_WARN_STRICT_PROTOTYPES = YES;
				CLANG_WARN_SUSPICIOUS_MOVE = YES;
				CLANG_WARN_UNGUARDED_AVAILABILITY = YES_AGGRESSIVE;
				CLANG_WARN_UNREACHABLE_CODE = YES;
				CLANG_WARN__DUPLICATE_METHOD_MATCH = YES;
				COPY_PHASE_STRIP = NO;
				DEBUG_INFORMATION_FORMAT = dwarf;
				ENABLE_STRICT_OBJC_MSGSEND = YES;
				ENABLE_TESTABILITY = YES;
				GCC_C_LANGUAGE_STANDARD = gnu11;
				GCC_DYNAMIC_NO_PIC = NO;
				GCC_NO_COMMON_BLOCKS = YES;
				GCC_OPTIMIZATION_LEVEL = 0;
				GCC_PREPROCESSOR_DEFINITIONS = (
					"DEBUG=1",
					"$(inherited)",
				);
				GCC_WARN_64_TO_32_BIT_CONVERSION = YES;
				GCC_WARN_ABOUT_RETURN_TYPE = YES_ERROR;
				GCC_WARN_UNDECLARED_SELECTOR = YES;
				GCC_WARN_UNINITIALIZED_AUTOS = YES_AGGRESSIVE;
				GCC_WARN_UNUSED_FUNCTION = YES;
				GCC_WARN_UNUSED_VARIABLE = YES;
				IPHONEOS_DEPLOYMENT_TARGET = 16.0;
				MTL_ENABLE_DEBUG_INFO = INCLUDE_SOURCE;
				MTL_FAST_MATH = YES;
				ONLY_ACTIVE_ARCH = YES;
				SDKROOT = iphoneos;
				SWIFT_ACTIVE_COMPILATION_CONDITIONS = DEBUG;
				SWIFT_OPTIMIZATION_LEVEL = "-Onone";
			};
			name = Debug;
		};
		52840F4A28FF3B62007B781A /* Release */ = {
			isa = XCBuildConfiguration;
			buildSettings = {
				ALWAYS_SEARCH_USER_PATHS = NO;
				CLANG_ANALYZER_NONNULL = YES;
				CLANG_ANALYZER_NUMBER_OBJECT_CONVERSION = YES_AGGRESSIVE;
				CLANG_CXX_LANGUAGE_STANDARD = "gnu++20";
				CLANG_ENABLE_MODULES = YES;
				CLANG_ENABLE_OBJC_ARC = YES;
				CLANG_ENABLE_OBJC_WEAK = YES;
				CLANG_WARN_BLOCK_CAPTURE_AUTORELEASING = YES;
				CLANG_WARN_BOOL_CONVERSION = YES;
				CLANG_WARN_COMMA = YES;
				CLANG_WARN_CONSTANT_CONVERSION = YES;
				CLANG_WARN_DEPRECATED_OBJC_IMPLEMENTATIONS = YES;
				CLANG_WARN_DIRECT_OBJC_ISA_USAGE = YES_ERROR;
				CLANG_WARN_DOCUMENTATION_COMMENTS = YES;
				CLANG_WARN_EMPTY_BODY = YES;
				CLANG_WARN_ENUM_CONVERSION = YES;
				CLANG_WARN_INFINITE_RECURSION = YES;
				CLANG_WARN_INT_CONVERSION = YES;
				CLANG_WARN_NON_LITERAL_NULL_CONVERSION = YES;
				CLANG_WARN_OBJC_IMPLICIT_RETAIN_SELF = YES;
				CLANG_WARN_OBJC_LITERAL_CONVERSION = YES;
				CLANG_WARN_OBJC_ROOT_CLASS = YES_ERROR;
				CLANG_WARN_QUOTED_INCLUDE_IN_FRAMEWORK_HEADER = YES;
				CLANG_WARN_RANGE_LOOP_ANALYSIS = YES;
				CLANG_WARN_STRICT_PROTOTYPES = YES;
				CLANG_WARN_SUSPICIOUS_MOVE = YES;
				CLANG_WARN_UNGUARDED_AVAILABILITY = YES_AGGRESSIVE;
				CLANG_WARN_UNREACHABLE_CODE = YES;
				CLANG_WARN__DUPLICATE_METHOD_MATCH = YES;
				COPY_PHASE_STRIP = NO;
				DEBUG_INFORMATION_FORMAT = "dwarf-with-dsym";
				ENABLE_NS_ASSERTIONS = NO;
				ENABLE_STRICT_OBJC_MSGSEND = YES;
				GCC_C_LANGUAGE_STANDARD = gnu11;
				GCC_NO_COMMON_BLOCKS = YES;
				GCC_WARN_64_TO_32_BIT_CONVERSION = YES;
				GCC_WARN_ABOUT_RETURN_TYPE = YES_ERROR;
				GCC_WARN_UNDECLARED_SELECTOR = YES;
				GCC_WARN_UNINITIALIZED_AUTOS = YES_AGGRESSIVE;
				GCC_WARN_UNUSED_FUNCTION = YES;
				GCC_WARN_UNUSED_VARIABLE = YES;
				IPHONEOS_DEPLOYMENT_TARGET = 16.0;
				MTL_ENABLE_DEBUG_INFO = NO;
				MTL_FAST_MATH = YES;
				SDKROOT = iphoneos;
				SWIFT_COMPILATION_MODE = wholemodule;
				SWIFT_OPTIMIZATION_LEVEL = "-O";
				VALIDATE_PRODUCT = YES;
			};
			name = Release;
		};
		52840F4C28FF3B62007B781A /* Debug */ = {
			isa = XCBuildConfiguration;
			buildSettings = {
				ASSETCATALOG_COMPILER_APPICON_NAME = AppIcon;
				ASSETCATALOG_COMPILER_GLOBAL_ACCENT_COLOR_NAME = AccentColor;
				CODE_SIGN_STYLE = Automatic;
				CURRENT_PROJECT_VERSION = 1;
				DEVELOPMENT_ASSET_PATHS = "\"TwitterSwiftUI/Preview Content\"";
				DEVELOPMENT_TEAM = QZ46JW4C9U;
				ENABLE_PREVIEWS = YES;
				GENERATE_INFOPLIST_FILE = YES;
				INFOPLIST_KEY_UIApplicationSceneManifest_Generation = YES;
				INFOPLIST_KEY_UIApplicationSupportsIndirectInputEvents = YES;
				INFOPLIST_KEY_UILaunchScreen_Generation = YES;
				INFOPLIST_KEY_UISupportedInterfaceOrientations_iPad = "UIInterfaceOrientationPortrait UIInterfaceOrientationPortraitUpsideDown UIInterfaceOrientationLandscapeLeft UIInterfaceOrientationLandscapeRight";
				INFOPLIST_KEY_UISupportedInterfaceOrientations_iPhone = "UIInterfaceOrientationPortrait UIInterfaceOrientationLandscapeLeft UIInterfaceOrientationLandscapeRight";
				LD_RUNPATH_SEARCH_PATHS = (
					"$(inherited)",
					"@executable_path/Frameworks",
				);
				MARKETING_VERSION = 1.0;
				PRODUCT_BUNDLE_IDENTIFIER = com.mcantop.TwitterSwiftUI;
				PRODUCT_NAME = "$(TARGET_NAME)";
				SWIFT_EMIT_LOC_STRINGS = YES;
				SWIFT_VERSION = 5.0;
				TARGETED_DEVICE_FAMILY = "1,2";
			};
			name = Debug;
		};
		52840F4D28FF3B62007B781A /* Release */ = {
			isa = XCBuildConfiguration;
			buildSettings = {
				ASSETCATALOG_COMPILER_APPICON_NAME = AppIcon;
				ASSETCATALOG_COMPILER_GLOBAL_ACCENT_COLOR_NAME = AccentColor;
				CODE_SIGN_STYLE = Automatic;
				CURRENT_PROJECT_VERSION = 1;
				DEVELOPMENT_ASSET_PATHS = "\"TwitterSwiftUI/Preview Content\"";
				DEVELOPMENT_TEAM = QZ46JW4C9U;
				ENABLE_PREVIEWS = YES;
				GENERATE_INFOPLIST_FILE = YES;
				INFOPLIST_KEY_UIApplicationSceneManifest_Generation = YES;
				INFOPLIST_KEY_UIApplicationSupportsIndirectInputEvents = YES;
				INFOPLIST_KEY_UILaunchScreen_Generation = YES;
				INFOPLIST_KEY_UISupportedInterfaceOrientations_iPad = "UIInterfaceOrientationPortrait UIInterfaceOrientationPortraitUpsideDown UIInterfaceOrientationLandscapeLeft UIInterfaceOrientationLandscapeRight";
				INFOPLIST_KEY_UISupportedInterfaceOrientations_iPhone = "UIInterfaceOrientationPortrait UIInterfaceOrientationLandscapeLeft UIInterfaceOrientationLandscapeRight";
				LD_RUNPATH_SEARCH_PATHS = (
					"$(inherited)",
					"@executable_path/Frameworks",
				);
				MARKETING_VERSION = 1.0;
				PRODUCT_BUNDLE_IDENTIFIER = com.mcantop.TwitterSwiftUI;
				PRODUCT_NAME = "$(TARGET_NAME)";
				SWIFT_EMIT_LOC_STRINGS = YES;
				SWIFT_VERSION = 5.0;
				TARGETED_DEVICE_FAMILY = "1,2";
			};
			name = Release;
		};
/* End XCBuildConfiguration section */

/* Begin XCConfigurationList section */
		52840F3828FF3B61007B781A /* Build configuration list for PBXProject "TwitterSwiftUI" */ = {
			isa = XCConfigurationList;
			buildConfigurations = (
				52840F4928FF3B62007B781A /* Debug */,
				52840F4A28FF3B62007B781A /* Release */,
			);
			defaultConfigurationIsVisible = 0;
			defaultConfigurationName = Release;
		};
		52840F4B28FF3B62007B781A /* Build configuration list for PBXNativeTarget "TwitterSwiftUI" */ = {
			isa = XCConfigurationList;
			buildConfigurations = (
				52840F4C28FF3B62007B781A /* Debug */,
				52840F4D28FF3B62007B781A /* Release */,
			);
			defaultConfigurationIsVisible = 0;
			defaultConfigurationName = Release;
		};
/* End XCConfigurationList section */
	};
	rootObject = 52840F3528FF3B61007B781A /* Project object */;
}
